
Microsoft Visual Studio Solution File, Format Version 12.00
# Visual Studio Version 16
VisualStudioVersion = 16.0.810.16
MinimumVisualStudioVersion = 10.0.40219.1
Project("{FAE04EC0-301F-11D3-BF4B-00C04F79EFBC}") = "DiscordBot", "DiscordBot\DiscordBot.csproj", "{D68F04E0-BB94-45AE-8396-92A47BA066A0}"
EndProject
Global
	GlobalSection(SolutionConfigurationPlatforms) = preSolution
		Debug|Any CPU = Debug|Any CPU
		Release|Any CPU = Release|Any CPU
	EndGlobalSection
	GlobalSection(ProjectConfigurationPlatforms) = postSolution
		{D68F04E0-BB94-45AE-8396-92A47BA066A0}.Debug|Any CPU.ActiveCfg = Debug|Any CPU
		{D68F04E0-BB94-45AE-8396-92A47BA066A0}.Debug|Any CPU.Build.0 = Debug|Any CPU
		{D68F04E0-BB94-45AE-8396-92A47BA066A0}.Release|Any CPU.ActiveCfg = Release|Any CPU
		{D68F04E0-BB94-45AE-8396-92A47BA066A0}.Release|Any CPU.Build.0 = Release|Any CPU
	EndGlobalSection
	GlobalSection(SolutionProperties) = preSolution
		HideSolutionNode = FALSE
	EndGlobalSection
	GlobalSection(ExtensibilityGlobals) = postSolution
		SolutionGuid = {869D6FC8-E5F9-4FF7-BAE1-CF3E3E3034BC}
	EndGlobalSection
EndGlobal
